{"1.1.0",
[{<<"cluster">>,
  {git,"https://github.com/hbcrhythm/cluster.git",
       {ref,"99ef4b979b512f8e592e9dab1eb226e248ce2951"}},
  0},
 {<<"goldrush">>,{pkg,<<"goldrush">>,<<"0.1.9">>},2},
 {<<"lager">>,
  {git,"https://github.com/erlang-lager/lager.git",
       {ref,"c3970a99131c7c73de7eba3c2a569806fe47e40a"}},
  1}]}.
[
{pkg_hash,[
 {<<"goldrush">>, <<"F06E5D5F1277DA5C413E84D5A2924174182FB108DABB39D5EC548B27424CD106">>}]}
].
